// !$*UTF8*$!
{
	archiveVersion = 1;
	classes = {
	};
	objectVersion = 56;
	objects = {

/* Begin PBXBuildFile section */
		9E99977C296F030E00AA184B /* ClientDetailsView.swift in Sources */ = {isa = PBXBuildFile; fileRef = 9E99977B296F030E00AA184B /* ClientDetailsView.swift */; };
		9ECA5205297841D300D61F4E /* CustomColorPalette.swift in Sources */ = {isa = PBXBuildFile; fileRef = 9ECA5204297841D300D61F4E /* CustomColorPalette.swift */; };
		C19BD9BB296F02D80037B081 /* NewClientView.swift in Sources */ = {isa = PBXBuildFile; fileRef = C19BD9BA296F02D80037B081 /* NewClientView.swift */; };
		C19BD9BD296F06BE0037B081 /* NewClientViewModel.swift in Sources */ = {isa = PBXBuildFile; fileRef = C19BD9BC296F06BE0037B081 /* NewClientViewModel.swift */; };
		C1DE432D2980374A00760170 /* SignInView.swift in Sources */ = {isa = PBXBuildFile; fileRef = C1DE432C2980374A00760170 /* SignInView.swift */; };
		C1DE432F29803AA100760170 /* SignInViewModel.swift in Sources */ = {isa = PBXBuildFile; fileRef = C1DE432E29803AA100760170 /* SignInViewModel.swift */; };
		C1DE433129815A6300760170 /* Button+Style.swift in Sources */ = {isa = PBXBuildFile; fileRef = C1DE433029815A6300760170 /* Button+Style.swift */; };
		C1DE433429815D2200760170 /* SignUpView.swift in Sources */ = {isa = PBXBuildFile; fileRef = C1DE433329815D2200760170 /* SignUpView.swift */; };
		C1DE433629815D2E00760170 /* SignUpViewModel.swift in Sources */ = {isa = PBXBuildFile; fileRef = C1DE433529815D2E00760170 /* SignUpViewModel.swift */; };
		C1DE433929815F2700760170 /* BorderedTextFieldStyle.swift in Sources */ = {isa = PBXBuildFile; fileRef = C1DE433829815F2700760170 /* BorderedTextFieldStyle.swift */; };
		DB0DF453296F02F8001DAD3E /* DayPicker.swift in Sources */ = {isa = PBXBuildFile; fileRef = DB0DF452296F02F8001DAD3E /* DayPicker.swift */; };
		DB0DF456296F0325001DAD3E /* Weekday.swift in Sources */ = {isa = PBXBuildFile; fileRef = DB0DF455296F0325001DAD3E /* Weekday.swift */; };
		DB0DF45829706EA9001DAD3E /* HomeView.swift in Sources */ = {isa = PBXBuildFile; fileRef = F20F2C6E296DBBE300EADAE6 /* HomeView.swift */; };
		F20F2C6D296DBBE300EADAE6 /* SlimAppApp.swift in Sources */ = {isa = PBXBuildFile; fileRef = F20F2C6C296DBBE300EADAE6 /* SlimAppApp.swift */; };
		F20F2C71296DBBE400EADAE6 /* Assets.xcassets in Resources */ = {isa = PBXBuildFile; fileRef = F20F2C70296DBBE400EADAE6 /* Assets.xcassets */; };
		F20F2C74296DBBE400EADAE6 /* Preview Assets.xcassets in Resources */ = {isa = PBXBuildFile; fileRef = F20F2C73296DBBE400EADAE6 /* Preview Assets.xcassets */; };
		F20F2C7B296DBD6D00EADAE6 /* ClientCard.swift in Sources */ = {isa = PBXBuildFile; fileRef = F20F2C7A296DBD6D00EADAE6 /* ClientCard.swift */; };
		F2B42C002979331800DB3721 /* Client.swift in Sources */ = {isa = PBXBuildFile; fileRef = F2B42BFF2979331800DB3721 /* Client.swift */; };
		F2B42C02297933E400DB3721 /* Sex.swift in Sources */ = {isa = PBXBuildFile; fileRef = F2B42C01297933E400DB3721 /* Sex.swift */; };
		F2B42C042979345400DB3721 /* WorkoutObjective.swift in Sources */ = {isa = PBXBuildFile; fileRef = F2B42C032979345400DB3721 /* WorkoutObjective.swift */; };
		F2B42C0629797F1000DB3721 /* Trainer.swift in Sources */ = {isa = PBXBuildFile; fileRef = F2B42C0529797F1000DB3721 /* Trainer.swift */; };
/* End PBXBuildFile section */

/* Begin PBXFileReference section */
		9E99977B296F030E00AA184B /* ClientDetailsView.swift */ = {isa = PBXFileReference; lastKnownFileType = sourcecode.swift; path = ClientDetailsView.swift; sourceTree = "<group>"; };
		9ECA5204297841D300D61F4E /* CustomColorPalette.swift */ = {isa = PBXFileReference; lastKnownFileType = sourcecode.swift; path = CustomColorPalette.swift; sourceTree = "<group>"; };
		C19BD9BA296F02D80037B081 /* NewClientView.swift */ = {isa = PBXFileReference; lastKnownFileType = sourcecode.swift; path = NewClientView.swift; sourceTree = "<group>"; };
		C19BD9BC296F06BE0037B081 /* NewClientViewModel.swift */ = {isa = PBXFileReference; lastKnownFileType = sourcecode.swift; path = NewClientViewModel.swift; sourceTree = "<group>"; };
		C1DE432C2980374A00760170 /* SignInView.swift */ = {isa = PBXFileReference; lastKnownFileType = sourcecode.swift; path = SignInView.swift; sourceTree = "<group>"; };
		C1DE432E29803AA100760170 /* SignInViewModel.swift */ = {isa = PBXFileReference; lastKnownFileType = sourcecode.swift; path = SignInViewModel.swift; sourceTree = "<group>"; };
		C1DE433029815A6300760170 /* Button+Style.swift */ = {isa = PBXFileReference; lastKnownFileType = sourcecode.swift; path = "Button+Style.swift"; sourceTree = "<group>"; };
		C1DE433329815D2200760170 /* SignUpView.swift */ = {isa = PBXFileReference; lastKnownFileType = sourcecode.swift; path = SignUpView.swift; sourceTree = "<group>"; };
		C1DE433529815D2E00760170 /* SignUpViewModel.swift */ = {isa = PBXFileReference; lastKnownFileType = sourcecode.swift; path = SignUpViewModel.swift; sourceTree = "<group>"; };
		C1DE433829815F2700760170 /* BorderedTextFieldStyle.swift */ = {isa = PBXFileReference; lastKnownFileType = sourcecode.swift; path = BorderedTextFieldStyle.swift; sourceTree = "<group>"; };
		DB0DF452296F02F8001DAD3E /* DayPicker.swift */ = {isa = PBXFileReference; lastKnownFileType = sourcecode.swift; path = DayPicker.swift; sourceTree = "<group>"; };
		DB0DF455296F0325001DAD3E /* Weekday.swift */ = {isa = PBXFileReference; lastKnownFileType = sourcecode.swift; path = Weekday.swift; sourceTree = "<group>"; };
		F20F2C69296DBBE300EADAE6 /* SlimApp.app */ = {isa = PBXFileReference; explicitFileType = wrapper.application; includeInIndex = 0; path = SlimApp.app; sourceTree = BUILT_PRODUCTS_DIR; };
		F20F2C6C296DBBE300EADAE6 /* SlimAppApp.swift */ = {isa = PBXFileReference; lastKnownFileType = sourcecode.swift; path = SlimAppApp.swift; sourceTree = "<group>"; };
		F20F2C6E296DBBE300EADAE6 /* HomeView.swift */ = {isa = PBXFileReference; lastKnownFileType = sourcecode.swift; path = HomeView.swift; sourceTree = "<group>"; };
		F20F2C70296DBBE400EADAE6 /* Assets.xcassets */ = {isa = PBXFileReference; lastKnownFileType = folder.assetcatalog; path = Assets.xcassets; sourceTree = "<group>"; };
		F20F2C73296DBBE400EADAE6 /* Preview Assets.xcassets */ = {isa = PBXFileReference; lastKnownFileType = folder.assetcatalog; path = "Preview Assets.xcassets"; sourceTree = "<group>"; };
		F20F2C7A296DBD6D00EADAE6 /* ClientCard.swift */ = {isa = PBXFileReference; lastKnownFileType = sourcecode.swift; path = ClientCard.swift; sourceTree = "<group>"; };
		F2B42BFF2979331800DB3721 /* Client.swift */ = {isa = PBXFileReference; lastKnownFileType = sourcecode.swift; path = Client.swift; sourceTree = "<group>"; };
		F2B42C01297933E400DB3721 /* Sex.swift */ = {isa = PBXFileReference; lastKnownFileType = sourcecode.swift; path = Sex.swift; sourceTree = "<group>"; };
		F2B42C032979345400DB3721 /* WorkoutObjective.swift */ = {isa = PBXFileReference; lastKnownFileType = sourcecode.swift; path = WorkoutObjective.swift; sourceTree = "<group>"; };
		F2B42C0529797F1000DB3721 /* Trainer.swift */ = {isa = PBXFileReference; lastKnownFileType = sourcecode.swift; path = Trainer.swift; sourceTree = "<group>"; };
/* End PBXFileReference section */

/* Begin PBXFrameworksBuildPhase section */
		F20F2C66296DBBE300EADAE6 /* Frameworks */ = {
			isa = PBXFrameworksBuildPhase;
			buildActionMask = 2147483647;
			files = (
			);
			runOnlyForDeploymentPostprocessing = 0;
		};
/* End PBXFrameworksBuildPhase section */

/* Begin PBXGroup section */
		C19BD9B9296F02A00037B081 /* NewClient */ = {
			isa = PBXGroup;
			children = (
				C19BD9BA296F02D80037B081 /* NewClientView.swift */,
				C19BD9BC296F06BE0037B081 /* NewClientViewModel.swift */,
			);
			path = NewClient;
			sourceTree = "<group>";
		};
		C1DE432B298036A800760170 /* SignIn */ = {
			isa = PBXGroup;
			children = (
				C1DE432C2980374A00760170 /* SignInView.swift */,
				C1DE432E29803AA100760170 /* SignInViewModel.swift */,
			);
			path = SignIn;
			sourceTree = "<group>";
		};
		C1DE433229815D0800760170 /* SignUp */ = {
			isa = PBXGroup;
			children = (
				C1DE433329815D2200760170 /* SignUpView.swift */,
				C1DE433529815D2E00760170 /* SignUpViewModel.swift */,
			);
			path = SignUp;
			sourceTree = "<group>";
		};
		C1DE433729815EFC00760170 /* ViewStyles */ = {
			isa = PBXGroup;
			children = (
				C1DE433829815F2700760170 /* BorderedTextFieldStyle.swift */,
				C1DE433029815A6300760170 /* Button+Style.swift */,
			);
			path = ViewStyles;
			sourceTree = "<group>";
		};
		DB0DF454296F0303001DAD3E /* DayPicker */ = {
			isa = PBXGroup;
			children = (
				DB0DF452296F02F8001DAD3E /* DayPicker.swift */,
				DB0DF455296F0325001DAD3E /* Weekday.swift */,
			);
			path = DayPicker;
			sourceTree = "<group>";
		};
		DB0DF45B2971A44E001DAD3E /* ClientDetails */ = {
			isa = PBXGroup;
			children = (
				9E99977B296F030E00AA184B /* ClientDetailsView.swift */,
			);
			path = ClientDetails;
			sourceTree = "<group>";
		};
		DB0DF45C2971A457001DAD3E /* ClientList */ = {
			isa = PBXGroup;
			children = (
				F20F2C7A296DBD6D00EADAE6 /* ClientCard.swift */,
				F20F2C6E296DBBE300EADAE6 /* HomeView.swift */,
				9ECA5204297841D300D61F4E /* CustomColorPalette.swift */,
			);
			path = ClientList;
			sourceTree = "<group>";
		};
		F20F2C60296DBBE300EADAE6 = {
			isa = PBXGroup;
			children = (
				F20F2C6B296DBBE300EADAE6 /* SlimApp */,
				F20F2C6A296DBBE300EADAE6 /* Products */,
			);
			sourceTree = "<group>";
		};
		F20F2C6A296DBBE300EADAE6 /* Products */ = {
			isa = PBXGroup;
			children = (
				F20F2C69296DBBE300EADAE6 /* SlimApp.app */,
			);
			name = Products;
			sourceTree = "<group>";
		};
		F20F2C6B296DBBE300EADAE6 /* SlimApp */ = {
			isa = PBXGroup;
			children = (
				C1DE433729815EFC00760170 /* ViewStyles */,
				C1DE433229815D0800760170 /* SignUp */,
				C1DE432B298036A800760170 /* SignIn */,
				F20F2C6C296DBBE300EADAE6 /* SlimAppApp.swift */,
				DB0DF45C2971A457001DAD3E /* ClientList */,
				C19BD9B9296F02A00037B081 /* NewClient */,
				DB0DF45B2971A44E001DAD3E /* ClientDetails */,
				DB0DF454296F0303001DAD3E /* DayPicker */,
				F2B42BFF2979331800DB3721 /* Client.swift */,
				F2B42C0529797F1000DB3721 /* Trainer.swift */,
				F2B42C01297933E400DB3721 /* Sex.swift */,
				F2B42C032979345400DB3721 /* WorkoutObjective.swift */,
				F20F2C70296DBBE400EADAE6 /* Assets.xcassets */,
				F20F2C72296DBBE400EADAE6 /* Preview Content */,
			);
			path = SlimApp;
			sourceTree = "<group>";
		};
		F20F2C72296DBBE400EADAE6 /* Preview Content */ = {
			isa = PBXGroup;
			children = (
				F20F2C73296DBBE400EADAE6 /* Preview Assets.xcassets */,
			);
			path = "Preview Content";
			sourceTree = "<group>";
		};
/* End PBXGroup section */

/* Begin PBXNativeTarget section */
		F20F2C68296DBBE300EADAE6 /* SlimApp */ = {
			isa = PBXNativeTarget;
			buildConfigurationList = F20F2C77296DBBE400EADAE6 /* Build configuration list for PBXNativeTarget "SlimApp" */;
			buildPhases = (
				F20F2C65296DBBE300EADAE6 /* Sources */,
				F20F2C66296DBBE300EADAE6 /* Frameworks */,
				F20F2C67296DBBE300EADAE6 /* Resources */,
				DB0DF45729706CB3001DAD3E /* ShellScript */,
			);
			buildRules = (
			);
			dependencies = (
			);
			name = SlimApp;
			productName = SlimApp;
			productReference = F20F2C69296DBBE300EADAE6 /* SlimApp.app */;
			productType = "com.apple.product-type.application";
		};
/* End PBXNativeTarget section */

/* Begin PBXProject section */
		F20F2C61296DBBE300EADAE6 /* Project object */ = {
			isa = PBXProject;
			attributes = {
				BuildIndependentTargetsInParallel = 1;
				LastSwiftUpdateCheck = 1420;
				LastUpgradeCheck = 1420;
				TargetAttributes = {
					F20F2C68296DBBE300EADAE6 = {
						CreatedOnToolsVersion = 14.2;
					};
				};
			};
			buildConfigurationList = F20F2C64296DBBE300EADAE6 /* Build configuration list for PBXProject "SlimApp" */;
			compatibilityVersion = "Xcode 14.0";
			developmentRegion = en;
			hasScannedForEncodings = 0;
			knownRegions = (
				en,
				Base,
			);
			mainGroup = F20F2C60296DBBE300EADAE6;
			productRefGroup = F20F2C6A296DBBE300EADAE6 /* Products */;
			projectDirPath = "";
			projectRoot = "";
			targets = (
				F20F2C68296DBBE300EADAE6 /* SlimApp */,
			);
		};
/* End PBXProject section */

/* Begin PBXResourcesBuildPhase section */
		F20F2C67296DBBE300EADAE6 /* Resources */ = {
			isa = PBXResourcesBuildPhase;
			buildActionMask = 2147483647;
			files = (
				F20F2C74296DBBE400EADAE6 /* Preview Assets.xcassets in Resources */,
				F20F2C71296DBBE400EADAE6 /* Assets.xcassets in Resources */,
			);
			runOnlyForDeploymentPostprocessing = 0;
		};
/* End PBXResourcesBuildPhase section */

/* Begin PBXShellScriptBuildPhase section */
		DB0DF45729706CB3001DAD3E /* ShellScript */ = {
			isa = PBXShellScriptBuildPhase;
			alwaysOutOfDate = 1;
			buildActionMask = 2147483647;
			files = (
			);
			inputFileListPaths = (
			);
			inputPaths = (
			);
			outputFileListPaths = (
			);
			outputPaths = (
			);
			runOnlyForDeploymentPostprocessing = 0;
			shellPath = /bin/sh;
			shellScript = "export PATH=\"$PATH:/opt/homebrew/bin\"\nif which swiftlint > /dev/null; then\n  swiftlint\nelse\n  echo \"warning: SwiftLint not installed, download from https://github.com/realm/SwiftLint\"\nfi\n";
		};
/* End PBXShellScriptBuildPhase section */

/* Begin PBXSourcesBuildPhase section */
		F20F2C65296DBBE300EADAE6 /* Sources */ = {
			isa = PBXSourcesBuildPhase;
			buildActionMask = 2147483647;
			files = (
				F2B42C02297933E400DB3721 /* Sex.swift in Sources */,
				DB0DF45829706EA9001DAD3E /* HomeView.swift in Sources */,
				F20F2C7B296DBD6D00EADAE6 /* ClientCard.swift in Sources */,
				DB0DF453296F02F8001DAD3E /* DayPicker.swift in Sources */,
				C1DE433629815D2E00760170 /* SignUpViewModel.swift in Sources */,
				9ECA5205297841D300D61F4E /* CustomColorPalette.swift in Sources */,
				C1DE433129815A6300760170 /* Button+Style.swift in Sources */,
				C19BD9BD296F06BE0037B081 /* NewClientViewModel.swift in Sources */,
				C1DE433929815F2700760170 /* BorderedTextFieldStyle.swift in Sources */,
				C19BD9BB296F02D80037B081 /* NewClientView.swift in Sources */,
				DB0DF456296F0325001DAD3E /* Weekday.swift in Sources */,
				C1DE432D2980374A00760170 /* SignInView.swift in Sources */,
				F2B42C042979345400DB3721 /* WorkoutObjective.swift in Sources */,
				F20F2C6D296DBBE300EADAE6 /* SlimAppApp.swift in Sources */,
				C1DE433429815D2200760170 /* SignUpView.swift in Sources */,
				F2B42C0629797F1000DB3721 /* Trainer.swift in Sources */,
				9E99977C296F030E00AA184B /* ClientDetailsView.swift in Sources */,
				F2B42C002979331800DB3721 /* Client.swift in Sources */,
				C1DE432F29803AA100760170 /* SignInViewModel.swift in Sources */,
			);
			runOnlyForDeploymentPostprocessing = 0;
		};
/* End PBXSourcesBuildPhase section */

/* Begin XCBuildConfiguration section */
		F20F2C75296DBBE400EADAE6 /* Debug */ = {
			isa = XCBuildConfiguration;
			buildSettings = {
				ALWAYS_SEARCH_USER_PATHS = NO;
				CLANG_ANALYZER_NONNULL = YES;
				CLANG_ANALYZER_NUMBER_OBJECT_CONVERSION = YES_AGGRESSIVE;
				CLANG_CXX_LANGUAGE_STANDARD = "gnu++20";
				CLANG_ENABLE_MODULES = YES;
				CLANG_ENABLE_OBJC_ARC = YES;
				CLANG_ENABLE_OBJC_WEAK = YES;
				CLANG_WARN_BLOCK_CAPTURE_AUTORELEASING = YES;
				CLANG_WARN_BOOL_CONVERSION = YES;
				CLANG_WARN_COMMA = YES;
				CLANG_WARN_CONSTANT_CONVERSION = YES;
				CLANG_WARN_DEPRECATED_OBJC_IMPLEMENTATIONS = YES;
				CLANG_WARN_DIRECT_OBJC_ISA_USAGE = YES_ERROR;
				CLANG_WARN_DOCUMENTATION_COMMENTS = YES;
				CLANG_WARN_EMPTY_BODY = YES;
				CLANG_WARN_ENUM_CONVERSION = YES;
				CLANG_WARN_INFINITE_RECURSION = YES;
				CLANG_WARN_INT_CONVERSION = YES;
				CLANG_WARN_NON_LITERAL_NULL_CONVERSION = YES;
				CLANG_WARN_OBJC_IMPLICIT_RETAIN_SELF = YES;
				CLANG_WARN_OBJC_LITERAL_CONVERSION = YES;
				CLANG_WARN_OBJC_ROOT_CLASS = YES_ERROR;
				CLANG_WARN_QUOTED_INCLUDE_IN_FRAMEWORK_HEADER = YES;
				CLANG_WARN_RANGE_LOOP_ANALYSIS = YES;
				CLANG_WARN_STRICT_PROTOTYPES = YES;
				CLANG_WARN_SUSPICIOUS_MOVE = YES;
				CLANG_WARN_UNGUARDED_AVAILABILITY = YES_AGGRESSIVE;
				CLANG_WARN_UNREACHABLE_CODE = YES;
				CLANG_WARN__DUPLICATE_METHOD_MATCH = YES;
				COPY_PHASE_STRIP = NO;
				DEBUG_INFORMATION_FORMAT = dwarf;
				ENABLE_STRICT_OBJC_MSGSEND = YES;
				ENABLE_TESTABILITY = YES;
				GCC_C_LANGUAGE_STANDARD = gnu11;
				GCC_DYNAMIC_NO_PIC = NO;
				GCC_NO_COMMON_BLOCKS = YES;
				GCC_OPTIMIZATION_LEVEL = 0;
				GCC_PREPROCESSOR_DEFINITIONS = (
					"DEBUG=1",
					"$(inherited)",
				);
				GCC_WARN_64_TO_32_BIT_CONVERSION = YES;
				GCC_WARN_ABOUT_RETURN_TYPE = YES_ERROR;
				GCC_WARN_UNDECLARED_SELECTOR = YES;
				GCC_WARN_UNINITIALIZED_AUTOS = YES_AGGRESSIVE;
				GCC_WARN_UNUSED_FUNCTION = YES;
				GCC_WARN_UNUSED_VARIABLE = YES;
				IPHONEOS_DEPLOYMENT_TARGET = 16.2;
				MTL_ENABLE_DEBUG_INFO = INCLUDE_SOURCE;
				MTL_FAST_MATH = YES;
				ONLY_ACTIVE_ARCH = YES;
				SDKROOT = iphoneos;
				SWIFT_ACTIVE_COMPILATION_CONDITIONS = DEBUG;
				SWIFT_OPTIMIZATION_LEVEL = "-Onone";
			};
			name = Debug;
		};
		F20F2C76296DBBE400EADAE6 /* Release */ = {
			isa = XCBuildConfiguration;
			buildSettings = {
				ALWAYS_SEARCH_USER_PATHS = NO;
				CLANG_ANALYZER_NONNULL = YES;
				CLANG_ANALYZER_NUMBER_OBJECT_CONVERSION = YES_AGGRESSIVE;
				CLANG_CXX_LANGUAGE_STANDARD = "gnu++20";
				CLANG_ENABLE_MODULES = YES;
				CLANG_ENABLE_OBJC_ARC = YES;
				CLANG_ENABLE_OBJC_WEAK = YES;
				CLANG_WARN_BLOCK_CAPTURE_AUTORELEASING = YES;
				CLANG_WARN_BOOL_CONVERSION = YES;
				CLANG_WARN_COMMA = YES;
				CLANG_WARN_CONSTANT_CONVERSION = YES;
				CLANG_WARN_DEPRECATED_OBJC_IMPLEMENTATIONS = YES;
				CLANG_WARN_DIRECT_OBJC_ISA_USAGE = YES_ERROR;
				CLANG_WARN_DOCUMENTATION_COMMENTS = YES;
				CLANG_WARN_EMPTY_BODY = YES;
				CLANG_WARN_ENUM_CONVERSION = YES;
				CLANG_WARN_INFINITE_RECURSION = YES;
				CLANG_WARN_INT_CONVERSION = YES;
				CLANG_WARN_NON_LITERAL_NULL_CONVERSION = YES;
				CLANG_WARN_OBJC_IMPLICIT_RETAIN_SELF = YES;
				CLANG_WARN_OBJC_LITERAL_CONVERSION = YES;
				CLANG_WARN_OBJC_ROOT_CLASS = YES_ERROR;
				CLANG_WARN_QUOTED_INCLUDE_IN_FRAMEWORK_HEADER = YES;
				CLANG_WARN_RANGE_LOOP_ANALYSIS = YES;
				CLANG_WARN_STRICT_PROTOTYPES = YES;
				CLANG_WARN_SUSPICIOUS_MOVE = YES;
				CLANG_WARN_UNGUARDED_AVAILABILITY = YES_AGGRESSIVE;
				CLANG_WARN_UNREACHABLE_CODE = YES;
				CLANG_WARN__DUPLICATE_METHOD_MATCH = YES;
				COPY_PHASE_STRIP = NO;
				DEBUG_INFORMATION_FORMAT = "dwarf-with-dsym";
				ENABLE_NS_ASSERTIONS = NO;
				ENABLE_STRICT_OBJC_MSGSEND = YES;
				GCC_C_LANGUAGE_STANDARD = gnu11;
				GCC_NO_COMMON_BLOCKS = YES;
				GCC_WARN_64_TO_32_BIT_CONVERSION = YES;
				GCC_WARN_ABOUT_RETURN_TYPE = YES_ERROR;
				GCC_WARN_UNDECLARED_SELECTOR = YES;
				GCC_WARN_UNINITIALIZED_AUTOS = YES_AGGRESSIVE;
				GCC_WARN_UNUSED_FUNCTION = YES;
				GCC_WARN_UNUSED_VARIABLE = YES;
				IPHONEOS_DEPLOYMENT_TARGET = 16.2;
				MTL_ENABLE_DEBUG_INFO = NO;
				MTL_FAST_MATH = YES;
				SDKROOT = iphoneos;
				SWIFT_COMPILATION_MODE = wholemodule;
				SWIFT_OPTIMIZATION_LEVEL = "-O";
				VALIDATE_PRODUCT = YES;
			};
			name = Release;
		};
		F20F2C78296DBBE400EADAE6 /* Debug */ = {
			isa = XCBuildConfiguration;
			buildSettings = {
				ASSETCATALOG_COMPILER_APPICON_NAME = AppIcon;
				ASSETCATALOG_COMPILER_GLOBAL_ACCENT_COLOR_NAME = AccentColor;
				CODE_SIGN_STYLE = Automatic;
				CURRENT_PROJECT_VERSION = 1;
				DEVELOPMENT_ASSET_PATHS = "\"SlimApp/Preview Content\"";
				DEVELOPMENT_TEAM = "";
				ENABLE_PREVIEWS = YES;
				GENERATE_INFOPLIST_FILE = YES;
				INFOPLIST_KEY_UIApplicationSceneManifest_Generation = YES;
				INFOPLIST_KEY_UIApplicationSupportsIndirectInputEvents = YES;
				INFOPLIST_KEY_UILaunchScreen_Generation = YES;
				INFOPLIST_KEY_UISupportedInterfaceOrientations_iPad = "UIInterfaceOrientationPortrait UIInterfaceOrientationPortraitUpsideDown UIInterfaceOrientationLandscapeLeft UIInterfaceOrientationLandscapeRight";
				INFOPLIST_KEY_UISupportedInterfaceOrientations_iPhone = "UIInterfaceOrientationPortrait UIInterfaceOrientationLandscapeLeft UIInterfaceOrientationLandscapeRight";
				IPHONEOS_DEPLOYMENT_TARGET = 16.0;
				LD_RUNPATH_SEARCH_PATHS = (
					"$(inherited)",
					"@executable_path/Frameworks",
				);
				MARKETING_VERSION = 1.0;
				PRODUCT_BUNDLE_IDENTIFIER = com.slimapp.SlimApp;
				PRODUCT_NAME = "$(TARGET_NAME)";
				SWIFT_EMIT_LOC_STRINGS = YES;
				SWIFT_VERSION = 5.0;
				TARGETED_DEVICE_FAMILY = "1,2";
			};
			name = Debug;
		};
		F20F2C79296DBBE400EADAE6 /* Release */ = {
			isa = XCBuildConfiguration;
			buildSettings = {
				ASSETCATALOG_COMPILER_APPICON_NAME = AppIcon;
				ASSETCATALOG_COMPILER_GLOBAL_ACCENT_COLOR_NAME = AccentColor;
				CODE_SIGN_STYLE = Automatic;
				CURRENT_PROJECT_VERSION = 1;
				DEVELOPMENT_ASSET_PATHS = "\"SlimApp/Preview Content\"";
				DEVELOPMENT_TEAM = "";
				ENABLE_PREVIEWS = YES;
				GENERATE_INFOPLIST_FILE = YES;
				INFOPLIST_KEY_UIApplicationSceneManifest_Generation = YES;
				INFOPLIST_KEY_UIApplicationSupportsIndirectInputEvents = YES;
				INFOPLIST_KEY_UILaunchScreen_Generation = YES;
				INFOPLIST_KEY_UISupportedInterfaceOrientations_iPad = "UIInterfaceOrientationPortrait UIInterfaceOrientationPortraitUpsideDown UIInterfaceOrientationLandscapeLeft UIInterfaceOrientationLandscapeRight";
				INFOPLIST_KEY_UISupportedInterfaceOrientations_iPhone = "UIInterfaceOrientationPortrait UIInterfaceOrientationLandscapeLeft UIInterfaceOrientationLandscapeRight";
				IPHONEOS_DEPLOYMENT_TARGET = 16.0;
				LD_RUNPATH_SEARCH_PATHS = (
					"$(inherited)",
					"@executable_path/Frameworks",
				);
				MARKETING_VERSION = 1.0;
				PRODUCT_BUNDLE_IDENTIFIER = com.slimapp.SlimApp;
				PRODUCT_NAME = "$(TARGET_NAME)";
				SWIFT_EMIT_LOC_STRINGS = YES;
				SWIFT_VERSION = 5.0;
				TARGETED_DEVICE_FAMILY = "1,2";
			};
			name = Release;
		};
/* End XCBuildConfiguration section */

/* Begin XCConfigurationList section */
		F20F2C64296DBBE300EADAE6 /* Build configuration list for PBXProject "SlimApp" */ = {
			isa = XCConfigurationList;
			buildConfigurations = (
				F20F2C75296DBBE400EADAE6 /* Debug */,
				F20F2C76296DBBE400EADAE6 /* Release */,
			);
			defaultConfigurationIsVisible = 0;
			defaultConfigurationName = Release;
		};
		F20F2C77296DBBE400EADAE6 /* Build configuration list for PBXNativeTarget "SlimApp" */ = {
			isa = XCConfigurationList;
			buildConfigurations = (
				F20F2C78296DBBE400EADAE6 /* Debug */,
				F20F2C79296DBBE400EADAE6 /* Release */,
			);
			defaultConfigurationIsVisible = 0;
			defaultConfigurationName = Release;
		};
/* End XCConfigurationList section */
	};
	rootObject = F20F2C61296DBBE300EADAE6 /* Project object */;
}
